// !$*UTF8*$!
{
	archiveVersion = 1;
	classes = {
	};
	objectVersion = 50;
	objects = {

/* Begin PBXBuildFile section */
		9EDF57512678D298008F23F3 /* Binance_MVVM_Combine_SwiftUIApp.swift in Sources */ = {isa = PBXBuildFile; fileRef = 9EDF57502678D298008F23F3 /* Binance_MVVM_Combine_SwiftUIApp.swift */; };
		9EDF57532678D298008F23F3 /* ContentView.swift in Sources */ = {isa = PBXBuildFile; fileRef = 9EDF57522678D298008F23F3 /* ContentView.swift */; };
		9EDF57552678D29A008F23F3 /* Assets.xcassets in Resources */ = {isa = PBXBuildFile; fileRef = 9EDF57542678D29A008F23F3 /* Assets.xcassets */; };
		9EDF57582678D29A008F23F3 /* Preview Assets.xcassets in Resources */ = {isa = PBXBuildFile; fileRef = 9EDF57572678D29A008F23F3 /* Preview Assets.xcassets */; };
		9EDF57632678D29B008F23F3 /* Binance_MVVM_Combine_SwiftUITests.swift in Sources */ = {isa = PBXBuildFile; fileRef = 9EDF57622678D29B008F23F3 /* Binance_MVVM_Combine_SwiftUITests.swift */; };
		9EDF576E2678D29B008F23F3 /* Binance_MVVM_Combine_SwiftUIUITests.swift in Sources */ = {isa = PBXBuildFile; fileRef = 9EDF576D2678D29B008F23F3 /* Binance_MVVM_Combine_SwiftUIUITests.swift */; };
/* End PBXBuildFile section */

/* Begin PBXContainerItemProxy section */
		9EDF575F2678D29B008F23F3 /* PBXContainerItemProxy */ = {
			isa = PBXContainerItemProxy;
			containerPortal = 9EDF57452678D298008F23F3 /* Project object */;
			proxyType = 1;
			remoteGlobalIDString = 9EDF574C2678D298008F23F3;
			remoteInfo = "Binance-MVVM-Combine-SwiftUI";
		};
		9EDF576A2678D29B008F23F3 /* PBXContainerItemProxy */ = {
			isa = PBXContainerItemProxy;
			containerPortal = 9EDF57452678D298008F23F3 /* Project object */;
			proxyType = 1;
			remoteGlobalIDString = 9EDF574C2678D298008F23F3;
			remoteInfo = "Binance-MVVM-Combine-SwiftUI";
		};
/* End PBXContainerItemProxy section */

/* Begin PBXFileReference section */
		9EDF574D2678D298008F23F3 /* Binance-MVVM-Combine-SwiftUI.app */ = {isa = PBXFileReference; explicitFileType = wrapper.application; includeInIndex = 0; path = "Binance-MVVM-Combine-SwiftUI.app"; sourceTree = BUILT_PRODUCTS_DIR; };
		9EDF57502678D298008F23F3 /* Binance_MVVM_Combine_SwiftUIApp.swift */ = {isa = PBXFileReference; lastKnownFileType = sourcecode.swift; path = Binance_MVVM_Combine_SwiftUIApp.swift; sourceTree = "<group>"; };
		9EDF57522678D298008F23F3 /* ContentView.swift */ = {isa = PBXFileReference; lastKnownFileType = sourcecode.swift; path = ContentView.swift; sourceTree = "<group>"; };
		9EDF57542678D29A008F23F3 /* Assets.xcassets */ = {isa = PBXFileReference; lastKnownFileType = folder.assetcatalog; path = Assets.xcassets; sourceTree = "<group>"; };
		9EDF57572678D29A008F23F3 /* Preview Assets.xcassets */ = {isa = PBXFileReference; lastKnownFileType = folder.assetcatalog; path = "Preview Assets.xcassets"; sourceTree = "<group>"; };
		9EDF57592678D29A008F23F3 /* Info.plist */ = {isa = PBXFileReference; lastKnownFileType = text.plist.xml; path = Info.plist; sourceTree = "<group>"; };
		9EDF575E2678D29B008F23F3 /* Binance-MVVM-Combine-SwiftUITests.xctest */ = {isa = PBXFileReference; explicitFileType = wrapper.cfbundle; includeInIndex = 0; path = "Binance-MVVM-Combine-SwiftUITests.xctest"; sourceTree = BUILT_PRODUCTS_DIR; };
		9EDF57622678D29B008F23F3 /* Binance_MVVM_Combine_SwiftUITests.swift */ = {isa = PBXFileReference; lastKnownFileType = sourcecode.swift; path = Binance_MVVM_Combine_SwiftUITests.swift; sourceTree = "<group>"; };
		9EDF57642678D29B008F23F3 /* Info.plist */ = {isa = PBXFileReference; lastKnownFileType = text.plist.xml; path = Info.plist; sourceTree = "<group>"; };
		9EDF57692678D29B008F23F3 /* Binance-MVVM-Combine-SwiftUIUITests.xctest */ = {isa = PBXFileReference; explicitFileType = wrapper.cfbundle; includeInIndex = 0; path = "Binance-MVVM-Combine-SwiftUIUITests.xctest"; sourceTree = BUILT_PRODUCTS_DIR; };
		9EDF576D2678D29B008F23F3 /* Binance_MVVM_Combine_SwiftUIUITests.swift */ = {isa = PBXFileReference; lastKnownFileType = sourcecode.swift; path = Binance_MVVM_Combine_SwiftUIUITests.swift; sourceTree = "<group>"; };
		9EDF576F2678D29B008F23F3 /* Info.plist */ = {isa = PBXFileReference; lastKnownFileType = text.plist.xml; path = Info.plist; sourceTree = "<group>"; };
/* End PBXFileReference section */

/* Begin PBXFrameworksBuildPhase section */
		9EDF574A2678D298008F23F3 /* Frameworks */ = {
			isa = PBXFrameworksBuildPhase;
			buildActionMask = 2147483647;
			files = (
			);
			runOnlyForDeploymentPostprocessing = 0;
		};
		9EDF575B2678D29B008F23F3 /* Frameworks */ = {
			isa = PBXFrameworksBuildPhase;
			buildActionMask = 2147483647;
			files = (
			);
			runOnlyForDeploymentPostprocessing = 0;
		};
		9EDF57662678D29B008F23F3 /* Frameworks */ = {
			isa = PBXFrameworksBuildPhase;
			buildActionMask = 2147483647;
			files = (
			);
			runOnlyForDeploymentPostprocessing = 0;
		};
/* End PBXFrameworksBuildPhase section */

/* Begin PBXGroup section */
		9EDF57442678D298008F23F3 = {
			isa = PBXGroup;
			children = (
				9EDF574F2678D298008F23F3 /* Binance-MVVM-Combine-SwiftUI */,
				9EDF57612678D29B008F23F3 /* Binance-MVVM-Combine-SwiftUITests */,
				9EDF576C2678D29B008F23F3 /* Binance-MVVM-Combine-SwiftUIUITests */,
				9EDF574E2678D298008F23F3 /* Products */,
			);
			sourceTree = "<group>";
		};
		9EDF574E2678D298008F23F3 /* Products */ = {
			isa = PBXGroup;
			children = (
				9EDF574D2678D298008F23F3 /* Binance-MVVM-Combine-SwiftUI.app */,
				9EDF575E2678D29B008F23F3 /* Binance-MVVM-Combine-SwiftUITests.xctest */,
				9EDF57692678D29B008F23F3 /* Binance-MVVM-Combine-SwiftUIUITests.xctest */,
			);
			name = Products;
			sourceTree = "<group>";
		};
		9EDF574F2678D298008F23F3 /* Binance-MVVM-Combine-SwiftUI */ = {
			isa = PBXGroup;
			children = (
				9EDF57502678D298008F23F3 /* Binance_MVVM_Combine_SwiftUIApp.swift */,
				9EDF57522678D298008F23F3 /* ContentView.swift */,
				9EDF57542678D29A008F23F3 /* Assets.xcassets */,
				9EDF57592678D29A008F23F3 /* Info.plist */,
				9EDF57562678D29A008F23F3 /* Preview Content */,
			);
			path = "Binance-MVVM-Combine-SwiftUI";
			sourceTree = "<group>";
		};
		9EDF57562678D29A008F23F3 /* Preview Content */ = {
			isa = PBXGroup;
			children = (
				9EDF57572678D29A008F23F3 /* Preview Assets.xcassets */,
			);
			path = "Preview Content";
			sourceTree = "<group>";
		};
		9EDF57612678D29B008F23F3 /* Binance-MVVM-Combine-SwiftUITests */ = {
			isa = PBXGroup;
			children = (
				9EDF57622678D29B008F23F3 /* Binance_MVVM_Combine_SwiftUITests.swift */,
				9EDF57642678D29B008F23F3 /* Info.plist */,
			);
			path = "Binance-MVVM-Combine-SwiftUITests";
			sourceTree = "<group>";
		};
		9EDF576C2678D29B008F23F3 /* Binance-MVVM-Combine-SwiftUIUITests */ = {
			isa = PBXGroup;
			children = (
				9EDF576D2678D29B008F23F3 /* Binance_MVVM_Combine_SwiftUIUITests.swift */,
				9EDF576F2678D29B008F23F3 /* Info.plist */,
			);
			path = "Binance-MVVM-Combine-SwiftUIUITests";
			sourceTree = "<group>";
		};
/* End PBXGroup section */

/* Begin PBXNativeTarget section */
		9EDF574C2678D298008F23F3 /* Binance-MVVM-Combine-SwiftUI */ = {
			isa = PBXNativeTarget;
			buildConfigurationList = 9EDF57722678D29B008F23F3 /* Build configuration list for PBXNativeTarget "Binance-MVVM-Combine-SwiftUI" */;
			buildPhases = (
				9EDF57492678D298008F23F3 /* Sources */,
				9EDF574A2678D298008F23F3 /* Frameworks */,
				9EDF574B2678D298008F23F3 /* Resources */,
			);
			buildRules = (
			);
			dependencies = (
			);
			name = "Binance-MVVM-Combine-SwiftUI";
			productName = "Binance-MVVM-Combine-SwiftUI";
			productReference = 9EDF574D2678D298008F23F3 /* Binance-MVVM-Combine-SwiftUI.app */;
			productType = "com.apple.product-type.application";
		};
		9EDF575D2678D29B008F23F3 /* Binance-MVVM-Combine-SwiftUITests */ = {
			isa = PBXNativeTarget;
			buildConfigurationList = 9EDF57752678D29B008F23F3 /* Build configuration list for PBXNativeTarget "Binance-MVVM-Combine-SwiftUITests" */;
			buildPhases = (
				9EDF575A2678D29B008F23F3 /* Sources */,
				9EDF575B2678D29B008F23F3 /* Frameworks */,
				9EDF575C2678D29B008F23F3 /* Resources */,
			);
			buildRules = (
			);
			dependencies = (
				9EDF57602678D29B008F23F3 /* PBXTargetDependency */,
			);
			name = "Binance-MVVM-Combine-SwiftUITests";
			productName = "Binance-MVVM-Combine-SwiftUITests";
			productReference = 9EDF575E2678D29B008F23F3 /* Binance-MVVM-Combine-SwiftUITests.xctest */;
			productType = "com.apple.product-type.bundle.unit-test";
		};
		9EDF57682678D29B008F23F3 /* Binance-MVVM-Combine-SwiftUIUITests */ = {
			isa = PBXNativeTarget;
			buildConfigurationList = 9EDF57782678D29B008F23F3 /* Build configuration list for PBXNativeTarget "Binance-MVVM-Combine-SwiftUIUITests" */;
			buildPhases = (
				9EDF57652678D29B008F23F3 /* Sources */,
				9EDF57662678D29B008F23F3 /* Frameworks */,
				9EDF57672678D29B008F23F3 /* Resources */,
			);
			buildRules = (
			);
			dependencies = (
				9EDF576B2678D29B008F23F3 /* PBXTargetDependency */,
			);
			name = "Binance-MVVM-Combine-SwiftUIUITests";
			productName = "Binance-MVVM-Combine-SwiftUIUITests";
			productReference = 9EDF57692678D29B008F23F3 /* Binance-MVVM-Combine-SwiftUIUITests.xctest */;
			productType = "com.apple.product-type.bundle.ui-testing";
		};
/* End PBXNativeTarget section */

/* Begin PBXProject section */
		9EDF57452678D298008F23F3 /* Project object */ = {
			isa = PBXProject;
			attributes = {
				LastSwiftUpdateCheck = 1240;
				LastUpgradeCheck = 1240;
				TargetAttributes = {
					9EDF574C2678D298008F23F3 = {
						CreatedOnToolsVersion = 12.4;
					};
					9EDF575D2678D29B008F23F3 = {
						CreatedOnToolsVersion = 12.4;
						TestTargetID = 9EDF574C2678D298008F23F3;
					};
					9EDF57682678D29B008F23F3 = {
						CreatedOnToolsVersion = 12.4;
						TestTargetID = 9EDF574C2678D298008F23F3;
					};
				};
			};
			buildConfigurationList = 9EDF57482678D298008F23F3 /* Build configuration list for PBXProject "Binance-MVVM-Combine-SwiftUI" */;
			compatibilityVersion = "Xcode 9.3";
			developmentRegion = en;
			hasScannedForEncodings = 0;
			knownRegions = (
				en,
				Base,
			);
			mainGroup = 9EDF57442678D298008F23F3;
			productRefGroup = 9EDF574E2678D298008F23F3 /* Products */;
			projectDirPath = "";
			projectRoot = "";
			targets = (
				9EDF574C2678D298008F23F3 /* Binance-MVVM-Combine-SwiftUI */,
				9EDF575D2678D29B008F23F3 /* Binance-MVVM-Combine-SwiftUITests */,
				9EDF57682678D29B008F23F3 /* Binance-MVVM-Combine-SwiftUIUITests */,
			);
		};
/* End PBXProject section */

/* Begin PBXResourcesBuildPhase section */
		9EDF574B2678D298008F23F3 /* Resources */ = {
			isa = PBXResourcesBuildPhase;
			buildActionMask = 2147483647;
			files = (
				9EDF57582678D29A008F23F3 /* Preview Assets.xcassets in Resources */,
				9EDF57552678D29A008F23F3 /* Assets.xcassets in Resources */,
			);
			runOnlyForDeploymentPostprocessing = 0;
		};
		9EDF575C2678D29B008F23F3 /* Resources */ = {
			isa = PBXResourcesBuildPhase;
			buildActionMask = 2147483647;
			files = (
			);
			runOnlyForDeploymentPostprocessing = 0;
		};
		9EDF57672678D29B008F23F3 /* Resources */ = {
			isa = PBXResourcesBuildPhase;
			buildActionMask = 2147483647;
			files = (
			);
			runOnlyForDeploymentPostprocessing = 0;
		};
/* End PBXResourcesBuildPhase section */

/* Begin PBXSourcesBuildPhase section */
		9EDF57492678D298008F23F3 /* Sources */ = {
			isa = PBXSourcesBuildPhase;
			buildActionMask = 2147483647;
			files = (
				9EDF57532678D298008F23F3 /* ContentView.swift in Sources */,
				9EDF57512678D298008F23F3 /* Binance_MVVM_Combine_SwiftUIApp.swift in Sources */,
			);
			runOnlyForDeploymentPostprocessing = 0;
		};
		9EDF575A2678D29B008F23F3 /* Sources */ = {
			isa = PBXSourcesBuildPhase;
			buildActionMask = 2147483647;
			files = (
				9EDF57632678D29B008F23F3 /* Binance_MVVM_Combine_SwiftUITests.swift in Sources */,
			);
			runOnlyForDeploymentPostprocessing = 0;
		};
		9EDF57652678D29B008F23F3 /* Sources */ = {
			isa = PBXSourcesBuildPhase;
			buildActionMask = 2147483647;
			files = (
				9EDF576E2678D29B008F23F3 /* Binance_MVVM_Combine_SwiftUIUITests.swift in Sources */,
			);
			runOnlyForDeploymentPostprocessing = 0;
		};
/* End PBXSourcesBuildPhase section */

/* Begin PBXTargetDependency section */
		9EDF57602678D29B008F23F3 /* PBXTargetDependency */ = {
			isa = PBXTargetDependency;
			target = 9EDF574C2678D298008F23F3 /* Binance-MVVM-Combine-SwiftUI */;
			targetProxy = 9EDF575F2678D29B008F23F3 /* PBXContainerItemProxy */;
		};
		9EDF576B2678D29B008F23F3 /* PBXTargetDependency */ = {
			isa = PBXTargetDependency;
			target = 9EDF574C2678D298008F23F3 /* Binance-MVVM-Combine-SwiftUI */;
			targetProxy = 9EDF576A2678D29B008F23F3 /* PBXContainerItemProxy */;
		};
/* End PBXTargetDependency section */

/* Begin XCBuildConfiguration section */
		9EDF57702678D29B008F23F3 /* Debug */ = {
			isa = XCBuildConfiguration;
			buildSettings = {
				ALWAYS_SEARCH_USER_PATHS = NO;
				CLANG_ANALYZER_NONNULL = YES;
				CLANG_ANALYZER_NUMBER_OBJECT_CONVERSION = YES_AGGRESSIVE;
				CLANG_CXX_LANGUAGE_STANDARD = "gnu++14";
				CLANG_CXX_LIBRARY = "libc++";
				CLANG_ENABLE_MODULES = YES;
				CLANG_ENABLE_OBJC_ARC = YES;
				CLANG_ENABLE_OBJC_WEAK = YES;
				CLANG_WARN_BLOCK_CAPTURE_AUTORELEASING = YES;
				CLANG_WARN_BOOL_CONVERSION = YES;
				CLANG_WARN_COMMA = YES;
				CLANG_WARN_CONSTANT_CONVERSION = YES;
				CLANG_WARN_DEPRECATED_OBJC_IMPLEMENTATIONS = YES;
				CLANG_WARN_DIRECT_OBJC_ISA_USAGE = YES_ERROR;
				CLANG_WARN_DOCUMENTATION_COMMENTS = YES;
				CLANG_WARN_EMPTY_BODY = YES;
				CLANG_WARN_ENUM_CONVERSION = YES;
				CLANG_WARN_INFINITE_RECURSION = YES;
				CLANG_WARN_INT_CONVERSION = YES;
				CLANG_WARN_NON_LITERAL_NULL_CONVERSION = YES;
				CLANG_WARN_OBJC_IMPLICIT_RETAIN_SELF = YES;
				CLANG_WARN_OBJC_LITERAL_CONVERSION = YES;
				CLANG_WARN_OBJC_ROOT_CLASS = YES_ERROR;
				CLANG_WARN_QUOTED_INCLUDE_IN_FRAMEWORK_HEADER = YES;
				CLANG_WARN_RANGE_LOOP_ANALYSIS = YES;
				CLANG_WARN_STRICT_PROTOTYPES = YES;
				CLANG_WARN_SUSPICIOUS_MOVE = YES;
				CLANG_WARN_UNGUARDED_AVAILABILITY = YES_AGGRESSIVE;
				CLANG_WARN_UNREACHABLE_CODE = YES;
				CLANG_WARN__DUPLICATE_METHOD_MATCH = YES;
				COPY_PHASE_STRIP = NO;
				DEBUG_INFORMATION_FORMAT = dwarf;
				ENABLE_STRICT_OBJC_MSGSEND = YES;
				ENABLE_TESTABILITY = YES;
				GCC_C_LANGUAGE_STANDARD = gnu11;
				GCC_DYNAMIC_NO_PIC = NO;
				GCC_NO_COMMON_BLOCKS = YES;
				GCC_OPTIMIZATION_LEVEL = 0;
				GCC_PREPROCESSOR_DEFINITIONS = (
					"DEBUG=1",
					"$(inherited)",
				);
				GCC_WARN_64_TO_32_BIT_CONVERSION = YES;
				GCC_WARN_ABOUT_RETURN_TYPE = YES_ERROR;
				GCC_WARN_UNDECLARED_SELECTOR = YES;
				GCC_WARN_UNINITIALIZED_AUTOS = YES_AGGRESSIVE;
				GCC_WARN_UNUSED_FUNCTION = YES;
				GCC_WARN_UNUSED_VARIABLE = YES;
				IPHONEOS_DEPLOYMENT_TARGET = 14.4;
				MTL_ENABLE_DEBUG_INFO = INCLUDE_SOURCE;
				MTL_FAST_MATH = YES;
				ONLY_ACTIVE_ARCH = YES;
				SDKROOT = iphoneos;
				SWIFT_ACTIVE_COMPILATION_CONDITIONS = DEBUG;
				SWIFT_OPTIMIZATION_LEVEL = "-Onone";
			};
			name = Debug;
		};
		9EDF57712678D29B008F23F3 /* Release */ = {
			isa = XCBuildConfiguration;
			buildSettings = {
				ALWAYS_SEARCH_USER_PATHS = NO;
				CLANG_ANALYZER_NONNULL = YES;
				CLANG_ANALYZER_NUMBER_OBJECT_CONVERSION = YES_AGGRESSIVE;
				CLANG_CXX_LANGUAGE_STANDARD = "gnu++14";
				CLANG_CXX_LIBRARY = "libc++";
				CLANG_ENABLE_MODULES = YES;
				CLANG_ENABLE_OBJC_ARC = YES;
				CLANG_ENABLE_OBJC_WEAK = YES;
				CLANG_WARN_BLOCK_CAPTURE_AUTORELEASING = YES;
				CLANG_WARN_BOOL_CONVERSION = YES;
				CLANG_WARN_COMMA = YES;
				CLANG_WARN_CONSTANT_CONVERSION = YES;
				CLANG_WARN_DEPRECATED_OBJC_IMPLEMENTATIONS = YES;
				CLANG_WARN_DIRECT_OBJC_ISA_USAGE = YES_ERROR;
				CLANG_WARN_DOCUMENTATION_COMMENTS = YES;
				CLANG_WARN_EMPTY_BODY = YES;
				CLANG_WARN_ENUM_CONVERSION = YES;
				CLANG_WARN_INFINITE_RECURSION = YES;
				CLANG_WARN_INT_CONVERSION = YES;
				CLANG_WARN_NON_LITERAL_NULL_CONVERSION = YES;
				CLANG_WARN_OBJC_IMPLICIT_RETAIN_SELF = YES;
				CLANG_WARN_OBJC_LITERAL_CONVERSION = YES;
				CLANG_WARN_OBJC_ROOT_CLASS = YES_ERROR;
				CLANG_WARN_QUOTED_INCLUDE_IN_FRAMEWORK_HEADER = YES;
				CLANG_WARN_RANGE_LOOP_ANALYSIS = YES;
				CLANG_WARN_STRICT_PROTOTYPES = YES;
				CLANG_WARN_SUSPICIOUS_MOVE = YES;
				CLANG_WARN_UNGUARDED_AVAILABILITY = YES_AGGRESSIVE;
				CLANG_WARN_UNREACHABLE_CODE = YES;
				CLANG_WARN__DUPLICATE_METHOD_MATCH = YES;
				COPY_PHASE_STRIP = NO;
				DEBUG_INFORMATION_FORMAT = "dwarf-with-dsym";
				ENABLE_NS_ASSERTIONS = NO;
				ENABLE_STRICT_OBJC_MSGSEND = YES;
				GCC_C_LANGUAGE_STANDARD = gnu11;
				GCC_NO_COMMON_BLOCKS = YES;
				GCC_WARN_64_TO_32_BIT_CONVERSION = YES;
				GCC_WARN_ABOUT_RETURN_TYPE = YES_ERROR;
				GCC_WARN_UNDECLARED_SELECTOR = YES;
				GCC_WARN_UNINITIALIZED_AUTOS = YES_AGGRESSIVE;
				GCC_WARN_UNUSED_FUNCTION = YES;
				GCC_WARN_UNUSED_VARIABLE = YES;
				IPHONEOS_DEPLOYMENT_TARGET = 14.4;
				MTL_ENABLE_DEBUG_INFO = NO;
				MTL_FAST_MATH = YES;
				SDKROOT = iphoneos;
				SWIFT_COMPILATION_MODE = wholemodule;
				SWIFT_OPTIMIZATION_LEVEL = "-O";
				VALIDATE_PRODUCT = YES;
			};
			name = Release;
		};
		9EDF57732678D29B008F23F3 /* Debug */ = {
			isa = XCBuildConfiguration;
			buildSettings = {
				ASSETCATALOG_COMPILER_APPICON_NAME = AppIcon;
				ASSETCATALOG_COMPILER_GLOBAL_ACCENT_COLOR_NAME = AccentColor;
				CODE_SIGN_STYLE = Automatic;
				DEVELOPMENT_ASSET_PATHS = "\"Binance-MVVM-Combine-SwiftUI/Preview Content\"";
				DEVELOPMENT_TEAM = PMB2M7NF76;
				ENABLE_PREVIEWS = YES;
				INFOPLIST_FILE = "Binance-MVVM-Combine-SwiftUI/Info.plist";
				IPHONEOS_DEPLOYMENT_TARGET = 14.0;
				LD_RUNPATH_SEARCH_PATHS = (
					"$(inherited)",
					"@executable_path/Frameworks",
				);
				PRODUCT_BUNDLE_IDENTIFIER = "com.app.Binance-MVVM-Combine-SwiftUI";
				PRODUCT_NAME = "$(TARGET_NAME)";
				SWIFT_VERSION = 5.0;
				TARGETED_DEVICE_FAMILY = "1,2";
			};
			name = Debug;
		};
		9EDF57742678D29B008F23F3 /* Release */ = {
			isa = XCBuildConfiguration;
			buildSettings = {
				ASSETCATALOG_COMPILER_APPICON_NAME = AppIcon;
				ASSETCATALOG_COMPILER_GLOBAL_ACCENT_COLOR_NAME = AccentColor;
				CODE_SIGN_STYLE = Automatic;
				DEVELOPMENT_ASSET_PATHS = "\"Binance-MVVM-Combine-SwiftUI/Preview Content\"";
				DEVELOPMENT_TEAM = PMB2M7NF76;
				ENABLE_PREVIEWS = YES;
				INFOPLIST_FILE = "Binance-MVVM-Combine-SwiftUI/Info.plist";
				IPHONEOS_DEPLOYMENT_TARGET = 14.0;
				LD_RUNPATH_SEARCH_PATHS = (
					"$(inherited)",
					"@executable_path/Frameworks",
				);
				PRODUCT_BUNDLE_IDENTIFIER = "com.app.Binance-MVVM-Combine-SwiftUI";
				PRODUCT_NAME = "$(TARGET_NAME)";
				SWIFT_VERSION = 5.0;
				TARGETED_DEVICE_FAMILY = "1,2";
			};
			name = Release;
		};
		9EDF57762678D29B008F23F3 /* Debug */ = {
			isa = XCBuildConfiguration;
			buildSettings = {
				ALWAYS_EMBED_SWIFT_STANDARD_LIBRARIES = YES;
				BUNDLE_LOADER = "$(TEST_HOST)";
				CODE_SIGN_STYLE = Automatic;
				DEVELOPMENT_TEAM = PMB2M7NF76;
				INFOPLIST_FILE = "Binance-MVVM-Combine-SwiftUITests/Info.plist";
				IPHONEOS_DEPLOYMENT_TARGET = 14.0;
				LD_RUNPATH_SEARCH_PATHS = (
					"$(inherited)",
					"@executable_path/Frameworks",
					"@loader_path/Frameworks",
				);
				PRODUCT_BUNDLE_IDENTIFIER = "com.app.Binance-MVVM-Combine-SwiftUITests";
				PRODUCT_NAME = "$(TARGET_NAME)";
				SWIFT_VERSION = 5.0;
				TARGETED_DEVICE_FAMILY = "1,2";
				TEST_HOST = "$(BUILT_PRODUCTS_DIR)/Binance-MVVM-Combine-SwiftUI.app/Binance-MVVM-Combine-SwiftUI";
			};
			name = Debug;
		};
		9EDF57772678D29B008F23F3 /* Release */ = {
			isa = XCBuildConfiguration;
			buildSettings = {
				ALWAYS_EMBED_SWIFT_STANDARD_LIBRARIES = YES;
				BUNDLE_LOADER = "$(TEST_HOST)";
				CODE_SIGN_STYLE = Automatic;
				DEVELOPMENT_TEAM = PMB2M7NF76;
				INFOPLIST_FILE = "Binance-MVVM-Combine-SwiftUITests/Info.plist";
				IPHONEOS_DEPLOYMENT_TARGET = 14.0;
				LD_RUNPATH_SEARCH_PATHS = (
					"$(inherited)",
					"@executable_path/Frameworks",
					"@loader_path/Frameworks",
				);
				PRODUCT_BUNDLE_IDENTIFIER = "com.app.Binance-MVVM-Combine-SwiftUITests";
				PRODUCT_NAME = "$(TARGET_NAME)";
				SWIFT_VERSION = 5.0;
				TARGETED_DEVICE_FAMILY = "1,2";
				TEST_HOST = "$(BUILT_PRODUCTS_DIR)/Binance-MVVM-Combine-SwiftUI.app/Binance-MVVM-Combine-SwiftUI";
			};
			name = Release;
		};
		9EDF57792678D29B008F23F3 /* Debug */ = {
			isa = XCBuildConfiguration;
			buildSettings = {
				ALWAYS_EMBED_SWIFT_STANDARD_LIBRARIES = YES;
				CODE_SIGN_STYLE = Automatic;
				DEVELOPMENT_TEAM = PMB2M7NF76;
				INFOPLIST_FILE = "Binance-MVVM-Combine-SwiftUIUITests/Info.plist";
				LD_RUNPATH_SEARCH_PATHS = (
					"$(inherited)",
					"@executable_path/Frameworks",
					"@loader_path/Frameworks",
				);
				PRODUCT_BUNDLE_IDENTIFIER = "com.app.Binance-MVVM-Combine-SwiftUIUITests";
				PRODUCT_NAME = "$(TARGET_NAME)";
				SWIFT_VERSION = 5.0;
				TARGETED_DEVICE_FAMILY = "1,2";
				TEST_TARGET_NAME = "Binance-MVVM-Combine-SwiftUI";
			};
			name = Debug;
		};
		9EDF577A2678D29B008F23F3 /* Release */ = {
			isa = XCBuildConfiguration;
			buildSettings = {
				ALWAYS_EMBED_SWIFT_STANDARD_LIBRARIES = YES;
				CODE_SIGN_STYLE = Automatic;
				DEVELOPMENT_TEAM = PMB2M7NF76;
				INFOPLIST_FILE = "Binance-MVVM-Combine-SwiftUIUITests/Info.plist";
				LD_RUNPATH_SEARCH_PATHS = (
					"$(inherited)",
					"@executable_path/Frameworks",
					"@loader_path/Frameworks",
				);
				PRODUCT_BUNDLE_IDENTIFIER = "com.app.Binance-MVVM-Combine-SwiftUIUITests";
				PRODUCT_NAME = "$(TARGET_NAME)";
				SWIFT_VERSION = 5.0;
				TARGETED_DEVICE_FAMILY = "1,2";
				TEST_TARGET_NAME = "Binance-MVVM-Combine-SwiftUI";
			};
			name = Release;
		};
/* End XCBuildConfiguration section */

/* Begin XCConfigurationList section */
		9EDF57482678D298008F23F3 /* Build configuration list for PBXProject "Binance-MVVM-Combine-SwiftUI" */ = {
			isa = XCConfigurationList;
			buildConfigurations = (
				9EDF57702678D29B008F23F3 /* Debug */,
				9EDF57712678D29B008F23F3 /* Release */,
			);
			defaultConfigurationIsVisible = 0;
			defaultConfigurationName = Release;
		};
		9EDF57722678D29B008F23F3 /* Build configuration list for PBXNativeTarget "Binance-MVVM-Combine-SwiftUI" */ = {
			isa = XCConfigurationList;
			buildConfigurations = (
				9EDF57732678D29B008F23F3 /* Debug */,
				9EDF57742678D29B008F23F3 /* Release */,
			);
			defaultConfigurationIsVisible = 0;
			defaultConfigurationName = Release;
		};
		9EDF57752678D29B008F23F3 /* Build configuration list for PBXNativeTarget "Binance-MVVM-Combine-SwiftUITests" */ = {
			isa = XCConfigurationList;
			buildConfigurations = (
				9EDF57762678D29B008F23F3 /* Debug */,
				9EDF57772678D29B008F23F3 /* Release */,
			);
			defaultConfigurationIsVisible = 0;
			defaultConfigurationName = Release;
		};
		9EDF57782678D29B008F23F3 /* Build configuration list for PBXNativeTarget "Binance-MVVM-Combine-SwiftUIUITests" */ = {
			isa = XCConfigurationList;
			buildConfigurations = (
				9EDF57792678D29B008F23F3 /* Debug */,
				9EDF577A2678D29B008F23F3 /* Release */,
			);
			defaultConfigurationIsVisible = 0;
			defaultConfigurationName = Release;
		};
/* End XCConfigurationList section */
	};
	rootObject = 9EDF57452678D298008F23F3 /* Project object */;
}
